
Microsoft Visual Studio Solution File, Format Version 12.00
# Visual Studio Version 17
VisualStudioVersion = 17.2.32519.379
MinimumVisualStudioVersion = 10.0.40219.1
Project("{2150E333-8FDC-42A3-9474-1A3956D46DE8}") = "Services", "Services", "{EC4AC33E-CC6F-4E4B-8BE6-B88BA275F367}"
EndProject
Project("{2150E333-8FDC-42A3-9474-1A3956D46DE8}") = "Catalog", "Catalog", "{C2DDAA67-A923-4AC4-92F3-3725988AC830}"
EndProject
Project("{9A19103F-16F7-4668-BE54-9A1E7A4F7556}") = "FreeCourse.Services.Catalog", "Services\Catalog\FreeCourse.Services.Catalog\FreeCourse.Services.Catalog.csproj", "{8B6D07C9-E4C0-4905-9DE0-AC8357F7A0CC}"
EndProject
Project("{2150E333-8FDC-42A3-9474-1A3956D46DE8}") = "Shared", "Shared", "{E01E4A7D-8802-4D1C-9D55-90E791EA8C85}"
EndProject
Project("{9A19103F-16F7-4668-BE54-9A1E7A4F7556}") = "FreeCourse.Shared", "Shared\FreeCourse.Shared\FreeCourse.Shared.csproj", "{5A389E66-0BE2-4B89-BEC9-12BFBB56CF38}"
EndProject
Project("{2150E333-8FDC-42A3-9474-1A3956D46DE8}") = "IdentityServer", "IdentityServer", "{0722CE04-94B6-4E81-A945-5A0509DC9C65}"
EndProject
Project("{9A19103F-16F7-4668-BE54-9A1E7A4F7556}") = "FreeCourse.IdentityServer", "IdentityServer\FreeCourse.IdentityServer\FreeCourse.IdentityServer.csproj", "{66E12596-CB02-4C95-9834-CE4093102371}"
EndProject
Project("{2150E333-8FDC-42A3-9474-1A3956D46DE8}") = "PhotoStock", "PhotoStock", "{22FA4577-773E-46D1-979D-0856C52ADB3D}"
EndProject
Project("{9A19103F-16F7-4668-BE54-9A1E7A4F7556}") = "FreeCourse.Services.PhotoStock", "Services\PhotoStock\FreeCourse.Services.PhotoStock\FreeCourse.Services.PhotoStock.csproj", "{323F63A3-5A5C-4AF0-9999-6D7CF39FE655}"
EndProject
Project("{2150E333-8FDC-42A3-9474-1A3956D46DE8}") = "Basket", "Basket", "{819BFAE7-941E-48A2-BEE4-ECA1C7BB176B}"
EndProject
Project("{9A19103F-16F7-4668-BE54-9A1E7A4F7556}") = "FreeCourse.Services.Basket", "Services\Basket\FreeCourse.Services.Basket\FreeCourse.Services.Basket.csproj", "{0F09A1C7-B0B9-408C-89DD-092C343C6102}"
EndProject
Project("{2150E333-8FDC-42A3-9474-1A3956D46DE8}") = "Discount", "Discount", "{BEFFE39B-9E04-450C-9B9F-BDAF63388CAE}"
EndProject
Project("{9A19103F-16F7-4668-BE54-9A1E7A4F7556}") = "FreeCourse.Services.Discount", "Services\Discount\FreeCourse.Services.Discount\FreeCourse.Services.Discount.csproj", "{D7A30E14-E25A-447E-B291-DB4EE1903F65}"
EndProject
Project("{2150E333-8FDC-42A3-9474-1A3956D46DE8}") = "SolutionItems", "SolutionItems", "{A6B7FFFC-DE9C-4391-94FD-3136898B5826}"
	ProjectSection(SolutionItems) = preProject
		SolutionItems\Ports.txt = SolutionItems\Ports.txt
	EndProjectSection
EndProject
Project("{2150E333-8FDC-42A3-9474-1A3956D46DE8}") = "Order", "Order", "{920AD58E-3739-4A94-842C-3467DAFFB8A1}"
EndProject
Project("{9A19103F-16F7-4668-BE54-9A1E7A4F7556}") = "FreeCourse.Services.Order.API", "Services\Order\FreeCourse.Services.Order.API\FreeCourse.Services.Order.API.csproj", "{F71F7266-5C69-4C3D-949A-C9C927B59AF8}"
EndProject
Project("{9A19103F-16F7-4668-BE54-9A1E7A4F7556}") = "FreeCourse.Services.Order.Application", "Services\Order\FreeCourse.Services.Order.Application\FreeCourse.Services.Order.Application.csproj", "{F9AC2A0C-9A86-4E4B-8BA6-53CFC5DA9970}"
EndProject
Project("{9A19103F-16F7-4668-BE54-9A1E7A4F7556}") = "FreeCourse.Services.Order.Domain", "Services\Order\FreeCourse.Services.Order.Domain\FreeCourse.Services.Order.Domain.csproj", "{F670DBE1-3C73-4CC7-9F22-3AC18E1BA635}"
EndProject
Project("{9A19103F-16F7-4668-BE54-9A1E7A4F7556}") = "FreeCourse.Services.Order.Domain.Core", "Services\Order\FreeCourse.Services.Order.Domain.Core\FreeCourse.Services.Order.Domain.Core.csproj", "{9DE0D05E-F156-425A-9C80-560AE1963314}"
EndProject
Project("{9A19103F-16F7-4668-BE54-9A1E7A4F7556}") = "FreeCourse.Services.Order.Infrastructure", "Services\Order\FreeCourse.Services.Order.Infrastructure\FreeCourse.Services.Order.Infrastructure.csproj", "{6F12EAFE-3739-410E-829A-1883BB5FE8CA}"
EndProject
Project("{2150E333-8FDC-42A3-9474-1A3956D46DE8}") = "FakePayment", "FakePayment", "{79CDFA26-6CAA-4A4D-A505-E1B0271D16B7}"
EndProject
Project("{FAE04EC0-301F-11D3-BF4B-00C04F79EFBC}") = "FreeCourse.Services.FakePayment", "Services\FakePayment\FreeCourse.Services.FakePayment\FreeCourse.Services.FakePayment.csproj", "{15B6E243-41C3-4E9A-A927-65531281E3D9}"
EndProject
Global
	GlobalSection(SolutionConfigurationPlatforms) = preSolution
		Debug|Any CPU = Debug|Any CPU
		Release|Any CPU = Release|Any CPU
	EndGlobalSection
	GlobalSection(ProjectConfigurationPlatforms) = postSolution
		{8B6D07C9-E4C0-4905-9DE0-AC8357F7A0CC}.Debug|Any CPU.ActiveCfg = Debug|Any CPU
		{8B6D07C9-E4C0-4905-9DE0-AC8357F7A0CC}.Debug|Any CPU.Build.0 = Debug|Any CPU
		{8B6D07C9-E4C0-4905-9DE0-AC8357F7A0CC}.Release|Any CPU.ActiveCfg = Release|Any CPU
		{8B6D07C9-E4C0-4905-9DE0-AC8357F7A0CC}.Release|Any CPU.Build.0 = Release|Any CPU
		{5A389E66-0BE2-4B89-BEC9-12BFBB56CF38}.Debug|Any CPU.ActiveCfg = Debug|Any CPU
		{5A389E66-0BE2-4B89-BEC9-12BFBB56CF38}.Debug|Any CPU.Build.0 = Debug|Any CPU
		{5A389E66-0BE2-4B89-BEC9-12BFBB56CF38}.Release|Any CPU.ActiveCfg = Release|Any CPU
		{5A389E66-0BE2-4B89-BEC9-12BFBB56CF38}.Release|Any CPU.Build.0 = Release|Any CPU
		{66E12596-CB02-4C95-9834-CE4093102371}.Debug|Any CPU.ActiveCfg = Debug|Any CPU
		{66E12596-CB02-4C95-9834-CE4093102371}.Debug|Any CPU.Build.0 = Debug|Any CPU
		{66E12596-CB02-4C95-9834-CE4093102371}.Release|Any CPU.ActiveCfg = Release|Any CPU
		{66E12596-CB02-4C95-9834-CE4093102371}.Release|Any CPU.Build.0 = Release|Any CPU
		{323F63A3-5A5C-4AF0-9999-6D7CF39FE655}.Debug|Any CPU.ActiveCfg = Debug|Any CPU
		{323F63A3-5A5C-4AF0-9999-6D7CF39FE655}.Debug|Any CPU.Build.0 = Debug|Any CPU
		{323F63A3-5A5C-4AF0-9999-6D7CF39FE655}.Release|Any CPU.ActiveCfg = Release|Any CPU
		{323F63A3-5A5C-4AF0-9999-6D7CF39FE655}.Release|Any CPU.Build.0 = Release|Any CPU
		{0F09A1C7-B0B9-408C-89DD-092C343C6102}.Debug|Any CPU.ActiveCfg = Debug|Any CPU
		{0F09A1C7-B0B9-408C-89DD-092C343C6102}.Debug|Any CPU.Build.0 = Debug|Any CPU
		{0F09A1C7-B0B9-408C-89DD-092C343C6102}.Release|Any CPU.ActiveCfg = Release|Any CPU
		{0F09A1C7-B0B9-408C-89DD-092C343C6102}.Release|Any CPU.Build.0 = Release|Any CPU
		{D7A30E14-E25A-447E-B291-DB4EE1903F65}.Debug|Any CPU.ActiveCfg = Debug|Any CPU
		{D7A30E14-E25A-447E-B291-DB4EE1903F65}.Debug|Any CPU.Build.0 = Debug|Any CPU
		{D7A30E14-E25A-447E-B291-DB4EE1903F65}.Release|Any CPU.ActiveCfg = Release|Any CPU
		{D7A30E14-E25A-447E-B291-DB4EE1903F65}.Release|Any CPU.Build.0 = Release|Any CPU
		{F71F7266-5C69-4C3D-949A-C9C927B59AF8}.Debug|Any CPU.ActiveCfg = Debug|Any CPU
		{F71F7266-5C69-4C3D-949A-C9C927B59AF8}.Debug|Any CPU.Build.0 = Debug|Any CPU
		{F71F7266-5C69-4C3D-949A-C9C927B59AF8}.Release|Any CPU.ActiveCfg = Release|Any CPU
		{F71F7266-5C69-4C3D-949A-C9C927B59AF8}.Release|Any CPU.Build.0 = Release|Any CPU
		{F9AC2A0C-9A86-4E4B-8BA6-53CFC5DA9970}.Debug|Any CPU.ActiveCfg = Debug|Any CPU
		{F9AC2A0C-9A86-4E4B-8BA6-53CFC5DA9970}.Debug|Any CPU.Build.0 = Debug|Any CPU
		{F9AC2A0C-9A86-4E4B-8BA6-53CFC5DA9970}.Release|Any CPU.ActiveCfg = Release|Any CPU
		{F9AC2A0C-9A86-4E4B-8BA6-53CFC5DA9970}.Release|Any CPU.Build.0 = Release|Any CPU
		{F670DBE1-3C73-4CC7-9F22-3AC18E1BA635}.Debug|Any CPU.ActiveCfg = Debug|Any CPU
		{F670DBE1-3C73-4CC7-9F22-3AC18E1BA635}.Debug|Any CPU.Build.0 = Debug|Any CPU
		{F670DBE1-3C73-4CC7-9F22-3AC18E1BA635}.Release|Any CPU.ActiveCfg = Release|Any CPU
		{F670DBE1-3C73-4CC7-9F22-3AC18E1BA635}.Release|Any CPU.Build.0 = Release|Any CPU
		{9DE0D05E-F156-425A-9C80-560AE1963314}.Debug|Any CPU.ActiveCfg = Debug|Any CPU
		{9DE0D05E-F156-425A-9C80-560AE1963314}.Debug|Any CPU.Build.0 = Debug|Any CPU
		{9DE0D05E-F156-425A-9C80-560AE1963314}.Release|Any CPU.ActiveCfg = Release|Any CPU
		{9DE0D05E-F156-425A-9C80-560AE1963314}.Release|Any CPU.Build.0 = Release|Any CPU
		{6F12EAFE-3739-410E-829A-1883BB5FE8CA}.Debug|Any CPU.ActiveCfg = Debug|Any CPU
		{6F12EAFE-3739-410E-829A-1883BB5FE8CA}.Debug|Any CPU.Build.0 = Debug|Any CPU
		{6F12EAFE-3739-410E-829A-1883BB5FE8CA}.Release|Any CPU.ActiveCfg = Release|Any CPU
		{6F12EAFE-3739-410E-829A-1883BB5FE8CA}.Release|Any CPU.Build.0 = Release|Any CPU
		{15B6E243-41C3-4E9A-A927-65531281E3D9}.Debug|Any CPU.ActiveCfg = Debug|Any CPU
		{15B6E243-41C3-4E9A-A927-65531281E3D9}.Debug|Any CPU.Build.0 = Debug|Any CPU
		{15B6E243-41C3-4E9A-A927-65531281E3D9}.Release|Any CPU.ActiveCfg = Release|Any CPU
		{15B6E243-41C3-4E9A-A927-65531281E3D9}.Release|Any CPU.Build.0 = Release|Any CPU
	EndGlobalSection
	GlobalSection(SolutionProperties) = preSolution
		HideSolutionNode = FALSE
	EndGlobalSection
	GlobalSection(NestedProjects) = preSolution
		{C2DDAA67-A923-4AC4-92F3-3725988AC830} = {EC4AC33E-CC6F-4E4B-8BE6-B88BA275F367}
		{8B6D07C9-E4C0-4905-9DE0-AC8357F7A0CC} = {C2DDAA67-A923-4AC4-92F3-3725988AC830}
		{5A389E66-0BE2-4B89-BEC9-12BFBB56CF38} = {E01E4A7D-8802-4D1C-9D55-90E791EA8C85}
		{66E12596-CB02-4C95-9834-CE4093102371} = {0722CE04-94B6-4E81-A945-5A0509DC9C65}
		{22FA4577-773E-46D1-979D-0856C52ADB3D} = {EC4AC33E-CC6F-4E4B-8BE6-B88BA275F367}
		{323F63A3-5A5C-4AF0-9999-6D7CF39FE655} = {22FA4577-773E-46D1-979D-0856C52ADB3D}
		{819BFAE7-941E-48A2-BEE4-ECA1C7BB176B} = {EC4AC33E-CC6F-4E4B-8BE6-B88BA275F367}
		{0F09A1C7-B0B9-408C-89DD-092C343C6102} = {819BFAE7-941E-48A2-BEE4-ECA1C7BB176B}
		{BEFFE39B-9E04-450C-9B9F-BDAF63388CAE} = {EC4AC33E-CC6F-4E4B-8BE6-B88BA275F367}
		{D7A30E14-E25A-447E-B291-DB4EE1903F65} = {BEFFE39B-9E04-450C-9B9F-BDAF63388CAE}
		{920AD58E-3739-4A94-842C-3467DAFFB8A1} = {EC4AC33E-CC6F-4E4B-8BE6-B88BA275F367}
		{F71F7266-5C69-4C3D-949A-C9C927B59AF8} = {920AD58E-3739-4A94-842C-3467DAFFB8A1}
		{F9AC2A0C-9A86-4E4B-8BA6-53CFC5DA9970} = {920AD58E-3739-4A94-842C-3467DAFFB8A1}
		{F670DBE1-3C73-4CC7-9F22-3AC18E1BA635} = {920AD58E-3739-4A94-842C-3467DAFFB8A1}
		{9DE0D05E-F156-425A-9C80-560AE1963314} = {920AD58E-3739-4A94-842C-3467DAFFB8A1}
		{6F12EAFE-3739-410E-829A-1883BB5FE8CA} = {920AD58E-3739-4A94-842C-3467DAFFB8A1}
		{79CDFA26-6CAA-4A4D-A505-E1B0271D16B7} = {EC4AC33E-CC6F-4E4B-8BE6-B88BA275F367}
		{15B6E243-41C3-4E9A-A927-65531281E3D9} = {79CDFA26-6CAA-4A4D-A505-E1B0271D16B7}
	EndGlobalSection
	GlobalSection(ExtensibilityGlobals) = postSolution
		SolutionGuid = {A6D851C9-A425-4C5B-9AE6-A601D8EC841D}
	EndGlobalSection
EndGlobal
